
Microsoft Visual Studio Solution File, Format Version 12.00
# Visual Studio Version 17
VisualStudioVersion = 17.5.33414.496
MinimumVisualStudioVersion = 10.0.40219.1
Project("{FAE04EC0-301F-11D3-BF4B-00C04F79EFBC}") = "tpmodul5_1302210024", "tpmodul5_1302210024\tpmodul5_1302210024.csproj", "{B39A5554-B133-4365-9920-AE9D23BE0F6D}"
EndProject
Global
	GlobalSection(SolutionConfigurationPlatforms) = preSolution
		Debug|Any CPU = Debug|Any CPU
		Release|Any CPU = Release|Any CPU
	EndGlobalSection
	GlobalSection(ProjectConfigurationPlatforms) = postSolution
		{B39A5554-B133-4365-9920-AE9D23BE0F6D}.Debug|Any CPU.ActiveCfg = Debug|Any CPU
		{B39A5554-B133-4365-9920-AE9D23BE0F6D}.Debug|Any CPU.Build.0 = Debug|Any CPU
		{B39A5554-B133-4365-9920-AE9D23BE0F6D}.Release|Any CPU.ActiveCfg = Release|Any CPU
		{B39A5554-B133-4365-9920-AE9D23BE0F6D}.Release|Any CPU.Build.0 = Release|Any CPU
	EndGlobalSection
	GlobalSection(SolutionProperties) = preSolution
		HideSolutionNode = FALSE
	EndGlobalSection
	GlobalSection(ExtensibilityGlobals) = postSolution
		SolutionGuid = {C6E8CB15-97A3-4E52-8701-9FA37803787B}
	EndGlobalSection
EndGlobal
